
Microsoft Visual Studio Solution File, Format Version 12.00
# Visual Studio Version 17
VisualStudioVersion = 17.14.36310.24 d17.14
MinimumVisualStudioVersion = 10.0.40219.1
Project("{FAE04EC0-301F-11D3-BF4B-00C04F79EFBC}") = "dotnet-pose-detection", "dotnet-pose-detection\dotnet-pose-detection.csproj", "{9EDD9856-3D30-49D3-AEF1-C1A6DBCF8B1D}"
EndProject
Global
	GlobalSection(SolutionConfigurationPlatforms) = preSolution
		Debug|Any CPU = Debug|Any CPU
		Release|Any CPU = Release|Any CPU
	EndGlobalSection
	GlobalSection(ProjectConfigurationPlatforms) = postSolution
		{9EDD9856-3D30-49D3-AEF1-C1A6DBCF8B1D}.Debug|Any CPU.ActiveCfg = Debug|Any CPU
		{9EDD9856-3D30-49D3-AEF1-C1A6DBCF8B1D}.Debug|Any CPU.Build.0 = Debug|Any CPU
		{9EDD9856-3D30-49D3-AEF1-C1A6DBCF8B1D}.Release|Any CPU.ActiveCfg = Release|Any CPU
		{9EDD9856-3D30-49D3-AEF1-C1A6DBCF8B1D}.Release|Any CPU.Build.0 = Release|Any CPU
	EndGlobalSection
	GlobalSection(SolutionProperties) = preSolution
		HideSolutionNode = FALSE
	EndGlobalSection
	GlobalSection(ExtensibilityGlobals) = postSolution
		SolutionGuid = {259473D0-4F23-4D8C-A5EB-7815D5E00AF5}
	EndGlobalSection
EndGlobal
