Microsoft Visual Studio Solution File, Format Version 12.00
# Visual Studio Version 17
VisualStudioVersion = 17.5.2.0
MinimumVisualStudioVersion = 10.0.40219.1
Project("{FAE04EC0-301F-11D3-BF4B-00C04F79EFBC}") = "dotnet-pose-detection", "dotnet-pose-detection.csproj", "{069136CB-780D-A5A5-ACA9-3311AB44661E}"
EndProject
Global
	GlobalSection(SolutionConfigurationPlatforms) = preSolution
		Debug|Any CPU = Debug|Any CPU
		Release|Any CPU = Release|Any CPU
	EndGlobalSection
	GlobalSection(ProjectConfigurationPlatforms) = postSolution
		{069136CB-780D-A5A5-ACA9-3311AB44661E}.Debug|Any CPU.ActiveCfg = Debug|Any CPU
		{069136CB-780D-A5A5-ACA9-3311AB44661E}.Debug|Any CPU.Build.0 = Debug|Any CPU
		{069136CB-780D-A5A5-ACA9-3311AB44661E}.Release|Any CPU.ActiveCfg = Release|Any CPU
		{069136CB-780D-A5A5-ACA9-3311AB44661E}.Release|Any CPU.Build.0 = Release|Any CPU
	EndGlobalSection
	GlobalSection(SolutionProperties) = preSolution
		HideSolutionNode = FALSE
	EndGlobalSection
	GlobalSection(ExtensibilityGlobals) = postSolution
		SolutionGuid = {F7467134-7760-4578-A1B7-A1480D1318F1}
	EndGlobalSection
EndGlobal
